// !$*UTF8*$!
{
	archiveVersion = 1;
	classes = {
	};
	objectVersion = 55;
	objects = {

/* Begin PBXBuildFile section */
		CF090F1D27479A4100F68DB9 /* AboutView.swift in Sources */ = {isa = PBXBuildFile; fileRef = CF090F1C27479A4100F68DB9 /* AboutView.swift */; };
		CF0B9BDB2A3F3D2A00B2D1CC /* BannerButtonView.swift in Sources */ = {isa = PBXBuildFile; fileRef = CF0B9BDA2A3F3D2A00B2D1CC /* BannerButtonView.swift */; };
		CF0B9BDF2A3F457100B2D1CC /* LaunchScreen.storyboard in Resources */ = {isa = PBXBuildFile; fileRef = CF0B9BDE2A3F457100B2D1CC /* LaunchScreen.storyboard */; };
		CF31DC702A310E890070DB34 /* RemoteView.swift in Sources */ = {isa = PBXBuildFile; fileRef = CF31DC6F2A310E890070DB34 /* RemoteView.swift */; };
		CF31DC722A310ECF0070DB34 /* MenuView.swift in Sources */ = {isa = PBXBuildFile; fileRef = CF31DC712A310ECE0070DB34 /* MenuView.swift */; };
		CF31DC762A3113A20070DB34 /* BackButtonView.swift in Sources */ = {isa = PBXBuildFile; fileRef = CF31DC752A3113A20070DB34 /* BackButtonView.swift */; };
		CF31DC782A3114E30070DB34 /* CloseView.swift in Sources */ = {isa = PBXBuildFile; fileRef = CF31DC772A3114E30070DB34 /* CloseView.swift */; };
		CF31DC7B2A32614D0070DB34 /* MenuButtonView.swift in Sources */ = {isa = PBXBuildFile; fileRef = CF31DC7A2A32614D0070DB34 /* MenuButtonView.swift */; };
		CF6352922A2B592500FFB1DB /* LocationManager.swift in Sources */ = {isa = PBXBuildFile; fileRef = CF6352912A2B592500FFB1DB /* LocationManager.swift */; };
		CF6352942A2B597E00FFB1DB /* ContentView.swift in Sources */ = {isa = PBXBuildFile; fileRef = CF6352932A2B597E00FFB1DB /* ContentView.swift */; };
		CF6BCB632A484A8F0052118A /* ibook.mp4 in Resources */ = {isa = PBXBuildFile; fileRef = CF6BCB5F2A484A8E0052118A /* ibook.mp4 */; };
		CF6BCB642A484A8F0052118A /* systemos.mp4 in Resources */ = {isa = PBXBuildFile; fileRef = CF6BCB602A484A8F0052118A /* systemos.mp4 */; };
		CF6BCB652A484A8F0052118A /* digital.mp4 in Resources */ = {isa = PBXBuildFile; fileRef = CF6BCB612A484A8F0052118A /* digital.mp4 */; };
		CF6BCB662A484A8F0052118A /* satelite.mp4 in Resources */ = {isa = PBXBuildFile; fileRef = CF6BCB622A484A8F0052118A /* satelite.mp4 */; };
		CF6BCB682A484F2E0052118A /* ComputerModel.swift in Sources */ = {isa = PBXBuildFile; fileRef = CF6BCB672A484F2E0052118A /* ComputerModel.swift */; };
		CF6BCB6C2A48ABDE0052118A /* ViewModel.swift in Sources */ = {isa = PBXBuildFile; fileRef = CF6BCB6B2A48ABDE0052118A /* ViewModel.swift */; };
		CF83033F274597A6008A1063 /* UpolARApp.swift in Sources */ = {isa = PBXBuildFile; fileRef = CF83033E274597A6008A1063 /* UpolARApp.swift */; };
		CF830343274597A8008A1063 /* Assets.xcassets in Resources */ = {isa = PBXBuildFile; fileRef = CF830342274597A8008A1063 /* Assets.xcassets */; };
		CF830346274597A8008A1063 /* Preview Assets.xcassets in Resources */ = {isa = PBXBuildFile; fileRef = CF830345274597A8008A1063 /* Preview Assets.xcassets */; };
		CF830350274597DD008A1063 /* about_department.md in Resources */ = {isa = PBXBuildFile; fileRef = CF83034D274597DD008A1063 /* about_department.md */; };
		CF830351274597DD008A1063 /* about_faculty.md in Resources */ = {isa = PBXBuildFile; fileRef = CF83034E274597DD008A1063 /* about_faculty.md */; };
		CF830352274597DD008A1063 /* about_university.md in Resources */ = {isa = PBXBuildFile; fileRef = CF83034F274597DD008A1063 /* about_university.md */; };
		CF843A652A2BC76400085922 /* ARViewUIViewRepresentable.swift in Sources */ = {isa = PBXBuildFile; fileRef = CF843A642A2BC76400085922 /* ARViewUIViewRepresentable.swift */; };
		CF86AB362A40D436005B1BCA /* TetrisView.swift in Sources */ = {isa = PBXBuildFile; fileRef = CF86AB352A40D436005B1BCA /* TetrisView.swift */; };
		CF86AB382A40D448005B1BCA /* TetrisViewModel.swift in Sources */ = {isa = PBXBuildFile; fileRef = CF86AB372A40D448005B1BCA /* TetrisViewModel.swift */; };
		CF91CE902A436B1C0020C662 /* BrickModel.swift in Sources */ = {isa = PBXBuildFile; fileRef = CF91CE8F2A436B1C0020C662 /* BrickModel.swift */; };
		CFA888A82812B94F00FB5BC6 /* room.usdz in Resources */ = {isa = PBXBuildFile; fileRef = CFA888A72812B94F00FB5BC6 /* room.usdz */; };
		CFAF6F3027D2A61800FD1590 /* christmas.jpg in Resources */ = {isa = PBXBuildFile; fileRef = CFAF6F2F27D2A61800FD1590 /* christmas.jpg */; };
		CFC130D12A44A29500EAF734 /* TetrisARView.swift in Sources */ = {isa = PBXBuildFile; fileRef = CFC130D02A44A29500EAF734 /* TetrisARView.swift */; };
		CFCC04592A474FBD00EB5A4C /* ComputerView.swift in Sources */ = {isa = PBXBuildFile; fileRef = CFCC04582A474FBD00EB5A4C /* ComputerView.swift */; };
		CFCC045B2A474FC900EB5A4C /* ComputerARView.swift in Sources */ = {isa = PBXBuildFile; fileRef = CFCC045A2A474FC900EB5A4C /* ComputerARView.swift */; };
		CFD2D9A62A2C904300764228 /* BoardingSheetView.swift in Sources */ = {isa = PBXBuildFile; fileRef = CFD2D9A52A2C904300764228 /* BoardingSheetView.swift */; };
		CFD2D9A82A2C92DC00764228 /* ContentViewModel.swift in Sources */ = {isa = PBXBuildFile; fileRef = CFD2D9A72A2C92DC00764228 /* ContentViewModel.swift */; };
		CFE39DD72A49F07500AE71D3 /* LogoViewModel.swift in Sources */ = {isa = PBXBuildFile; fileRef = CFE39DD62A49F07500AE71D3 /* LogoViewModel.swift */; };
		CFE7462D27D26F5D00069133 /* PortalView.swift in Sources */ = {isa = PBXBuildFile; fileRef = CFE7462C27D26F5D00069133 /* PortalView.swift */; };
		CFE8E2712A4716C400CA5532 /* CompassView.swift in Sources */ = {isa = PBXBuildFile; fileRef = CFE8E2702A4716C400CA5532 /* CompassView.swift */; };
		CFE8E28D2A474DD800CA5532 /* NavigatorView.swift in Sources */ = {isa = PBXBuildFile; fileRef = CFE8E28C2A474DD800CA5532 /* NavigatorView.swift */; };
		CFE8E28F2A474DFC00CA5532 /* NavigatorARView.swift in Sources */ = {isa = PBXBuildFile; fileRef = CFE8E28E2A474DFC00CA5532 /* NavigatorARView.swift */; };
		CFE8E2912A474E5F00CA5532 /* Navigator.rcproject in Sources */ = {isa = PBXBuildFile; fileRef = CFE8E2902A474E5800CA5532 /* Navigator.rcproject */; };
		CFF291A42A34814800268A49 /* NoLocationView.swift in Sources */ = {isa = PBXBuildFile; fileRef = CFF291A32A34814800268A49 /* NoLocationView.swift */; };
		CFF291AF2A34ACD000268A49 /* PortalARView.swift in Sources */ = {isa = PBXBuildFile; fileRef = CFF291AE2A34ACD000268A49 /* PortalARView.swift */; };
		CFF291B32A3621F300268A49 /* sunset.jpg in Resources */ = {isa = PBXBuildFile; fileRef = CFF291B22A3621F300268A49 /* sunset.jpg */; };
		CFF291B72A38EE0C00268A49 /* ARView.swift in Sources */ = {isa = PBXBuildFile; fileRef = CFF291B62A38EE0C00268A49 /* ARView.swift */; };
		CFF291BD2A3B8ECA00268A49 /* PortalViewModel.swift in Sources */ = {isa = PBXBuildFile; fileRef = CFF291BC2A3B8ECA00268A49 /* PortalViewModel.swift */; };
		CFF291BF2A3B9E1800268A49 /* oldcity.jpg in Resources */ = {isa = PBXBuildFile; fileRef = CFF291BE2A3B9E1800268A49 /* oldcity.jpg */; };
		CFF291C12A3B9EF500268A49 /* beach.jpg in Resources */ = {isa = PBXBuildFile; fileRef = CFF291C02A3B9EF500268A49 /* beach.jpg */; };
		CFF291C32A3DF15E00268A49 /* HelpButtonView.swift in Sources */ = {isa = PBXBuildFile; fileRef = CFF291C22A3DF15E00268A49 /* HelpButtonView.swift */; };
		CFF291FF2A3DFA3C00268A49 /* LensARView.swift in Sources */ = {isa = PBXBuildFile; fileRef = CFF291FE2A3DFA3C00268A49 /* LensARView.swift */; };
		CFF292002A3DFB1600268A49 /* Lens.rcproject in Sources */ = {isa = PBXBuildFile; fileRef = CFF291C42A3DF95C00268A49 /* Lens.rcproject */; };
		CFF292022A3DFB3600268A49 /* LensView.swift in Sources */ = {isa = PBXBuildFile; fileRef = CFF292012A3DFB3600268A49 /* LensView.swift */; };
		CFF292042A3E042400268A49 /* LogoView.swift in Sources */ = {isa = PBXBuildFile; fileRef = CFF292032A3E042400268A49 /* LogoView.swift */; };
		CFF4340327D5406A009D6FCC /* room_mask.usdz in Resources */ = {isa = PBXBuildFile; fileRef = CFF4340127D5406A009D6FCC /* room_mask.usdz */; };
		CFF4340727D54C08009D6FCC /* room_logo.usdz in Resources */ = {isa = PBXBuildFile; fileRef = CFF4340627D54C07009D6FCC /* room_logo.usdz */; };
/* End PBXBuildFile section */

/* Begin PBXFileReference section */
		CF090F1C27479A4100F68DB9 /* AboutView.swift */ = {isa = PBXFileReference; lastKnownFileType = sourcecode.swift; path = AboutView.swift; sourceTree = "<group>"; };
		CF0B9BDA2A3F3D2A00B2D1CC /* BannerButtonView.swift */ = {isa = PBXFileReference; lastKnownFileType = sourcecode.swift; path = BannerButtonView.swift; sourceTree = "<group>"; };
		CF0B9BDD2A3F436D00B2D1CC /* Info.plist */ = {isa = PBXFileReference; lastKnownFileType = text.plist; path = Info.plist; sourceTree = "<group>"; };
		CF0B9BDE2A3F457100B2D1CC /* LaunchScreen.storyboard */ = {isa = PBXFileReference; lastKnownFileType = file.storyboard; path = LaunchScreen.storyboard; sourceTree = "<group>"; };
		CF31DC6F2A310E890070DB34 /* RemoteView.swift */ = {isa = PBXFileReference; lastKnownFileType = sourcecode.swift; path = RemoteView.swift; sourceTree = "<group>"; };
		CF31DC712A310ECE0070DB34 /* MenuView.swift */ = {isa = PBXFileReference; lastKnownFileType = sourcecode.swift; path = MenuView.swift; sourceTree = "<group>"; };
		CF31DC752A3113A20070DB34 /* BackButtonView.swift */ = {isa = PBXFileReference; lastKnownFileType = sourcecode.swift; path = BackButtonView.swift; sourceTree = "<group>"; };
		CF31DC772A3114E30070DB34 /* CloseView.swift */ = {isa = PBXFileReference; lastKnownFileType = sourcecode.swift; path = CloseView.swift; sourceTree = "<group>"; };
		CF31DC7A2A32614D0070DB34 /* MenuButtonView.swift */ = {isa = PBXFileReference; lastKnownFileType = sourcecode.swift; path = MenuButtonView.swift; sourceTree = "<group>"; };
		CF6352912A2B592500FFB1DB /* LocationManager.swift */ = {isa = PBXFileReference; lastKnownFileType = sourcecode.swift; path = LocationManager.swift; sourceTree = "<group>"; };
		CF6352932A2B597E00FFB1DB /* ContentView.swift */ = {isa = PBXFileReference; lastKnownFileType = sourcecode.swift; path = ContentView.swift; sourceTree = "<group>"; };
		CF6BCB5F2A484A8E0052118A /* ibook.mp4 */ = {isa = PBXFileReference; lastKnownFileType = file; path = ibook.mp4; sourceTree = "<group>"; };
		CF6BCB602A484A8F0052118A /* systemos.mp4 */ = {isa = PBXFileReference; lastKnownFileType = file; path = systemos.mp4; sourceTree = "<group>"; };
		CF6BCB612A484A8F0052118A /* digital.mp4 */ = {isa = PBXFileReference; lastKnownFileType = file; path = digital.mp4; sourceTree = "<group>"; };
		CF6BCB622A484A8F0052118A /* satelite.mp4 */ = {isa = PBXFileReference; lastKnownFileType = file; path = satelite.mp4; sourceTree = "<group>"; };
		CF6BCB672A484F2E0052118A /* ComputerModel.swift */ = {isa = PBXFileReference; lastKnownFileType = sourcecode.swift; path = ComputerModel.swift; sourceTree = "<group>"; };
		CF6BCB6B2A48ABDE0052118A /* ViewModel.swift */ = {isa = PBXFileReference; lastKnownFileType = sourcecode.swift; path = ViewModel.swift; sourceTree = "<group>"; };
		CF83033B274597A6008A1063 /* UpolAR.app */ = {isa = PBXFileReference; explicitFileType = wrapper.application; includeInIndex = 0; path = UpolAR.app; sourceTree = BUILT_PRODUCTS_DIR; };
		CF83033E274597A6008A1063 /* UpolARApp.swift */ = {isa = PBXFileReference; lastKnownFileType = sourcecode.swift; path = UpolARApp.swift; sourceTree = "<group>"; };
		CF830342274597A8008A1063 /* Assets.xcassets */ = {isa = PBXFileReference; lastKnownFileType = folder.assetcatalog; path = Assets.xcassets; sourceTree = "<group>"; };
		CF830345274597A8008A1063 /* Preview Assets.xcassets */ = {isa = PBXFileReference; lastKnownFileType = folder.assetcatalog; path = "Preview Assets.xcassets"; sourceTree = "<group>"; };
		CF83034D274597DD008A1063 /* about_department.md */ = {isa = PBXFileReference; fileEncoding = 4; lastKnownFileType = net.daringfireball.markdown; path = about_department.md; sourceTree = "<group>"; };
		CF83034E274597DD008A1063 /* about_faculty.md */ = {isa = PBXFileReference; fileEncoding = 4; lastKnownFileType = net.daringfireball.markdown; path = about_faculty.md; sourceTree = "<group>"; };
		CF83034F274597DD008A1063 /* about_university.md */ = {isa = PBXFileReference; fileEncoding = 4; lastKnownFileType = net.daringfireball.markdown; path = about_university.md; sourceTree = "<group>"; };
		CF843A642A2BC76400085922 /* ARViewUIViewRepresentable.swift */ = {isa = PBXFileReference; lastKnownFileType = sourcecode.swift; path = ARViewUIViewRepresentable.swift; sourceTree = "<group>"; };
		CF86AB352A40D436005B1BCA /* TetrisView.swift */ = {isa = PBXFileReference; lastKnownFileType = sourcecode.swift; path = TetrisView.swift; sourceTree = "<group>"; };
		CF86AB372A40D448005B1BCA /* TetrisViewModel.swift */ = {isa = PBXFileReference; lastKnownFileType = sourcecode.swift; path = TetrisViewModel.swift; sourceTree = "<group>"; };
		CF91CE8F2A436B1C0020C662 /* BrickModel.swift */ = {isa = PBXFileReference; lastKnownFileType = sourcecode.swift; path = BrickModel.swift; sourceTree = "<group>"; };
		CFA888A72812B94F00FB5BC6 /* room.usdz */ = {isa = PBXFileReference; lastKnownFileType = file.usdz; path = room.usdz; sourceTree = "<group>"; };
		CFAF6F2F27D2A61800FD1590 /* christmas.jpg */ = {isa = PBXFileReference; lastKnownFileType = image.jpeg; path = christmas.jpg; sourceTree = "<group>"; };
		CFC130D02A44A29500EAF734 /* TetrisARView.swift */ = {isa = PBXFileReference; lastKnownFileType = sourcecode.swift; path = TetrisARView.swift; sourceTree = "<group>"; };
		CFCC04582A474FBD00EB5A4C /* ComputerView.swift */ = {isa = PBXFileReference; lastKnownFileType = sourcecode.swift; path = ComputerView.swift; sourceTree = "<group>"; };
		CFCC045A2A474FC900EB5A4C /* ComputerARView.swift */ = {isa = PBXFileReference; lastKnownFileType = sourcecode.swift; path = ComputerARView.swift; sourceTree = "<group>"; };
		CFD2D9A52A2C904300764228 /* BoardingSheetView.swift */ = {isa = PBXFileReference; lastKnownFileType = sourcecode.swift; path = BoardingSheetView.swift; sourceTree = "<group>"; };
		CFD2D9A72A2C92DC00764228 /* ContentViewModel.swift */ = {isa = PBXFileReference; lastKnownFileType = sourcecode.swift; path = ContentViewModel.swift; sourceTree = "<group>"; };
		CFE39DD62A49F07500AE71D3 /* LogoViewModel.swift */ = {isa = PBXFileReference; lastKnownFileType = sourcecode.swift; path = LogoViewModel.swift; sourceTree = "<group>"; };
		CFE7462C27D26F5D00069133 /* PortalView.swift */ = {isa = PBXFileReference; lastKnownFileType = sourcecode.swift; path = PortalView.swift; sourceTree = "<group>"; };
		CFE8E2702A4716C400CA5532 /* CompassView.swift */ = {isa = PBXFileReference; lastKnownFileType = sourcecode.swift; path = CompassView.swift; sourceTree = "<group>"; };
		CFE8E28C2A474DD800CA5532 /* NavigatorView.swift */ = {isa = PBXFileReference; lastKnownFileType = sourcecode.swift; path = NavigatorView.swift; sourceTree = "<group>"; };
		CFE8E28E2A474DFC00CA5532 /* NavigatorARView.swift */ = {isa = PBXFileReference; lastKnownFileType = sourcecode.swift; path = NavigatorARView.swift; sourceTree = "<group>"; };
		CFE8E2902A474E5800CA5532 /* Navigator.rcproject */ = {isa = PBXFileReference; lastKnownFileType = file.rcproject; path = Navigator.rcproject; sourceTree = "<group>"; };
		CFF291A32A34814800268A49 /* NoLocationView.swift */ = {isa = PBXFileReference; lastKnownFileType = sourcecode.swift; path = NoLocationView.swift; sourceTree = "<group>"; };
		CFF291AE2A34ACD000268A49 /* PortalARView.swift */ = {isa = PBXFileReference; lastKnownFileType = sourcecode.swift; path = PortalARView.swift; sourceTree = "<group>"; };
		CFF291B22A3621F300268A49 /* sunset.jpg */ = {isa = PBXFileReference; lastKnownFileType = image.jpeg; path = sunset.jpg; sourceTree = "<group>"; };
		CFF291B62A38EE0C00268A49 /* ARView.swift */ = {isa = PBXFileReference; lastKnownFileType = sourcecode.swift; path = ARView.swift; sourceTree = "<group>"; };
		CFF291BC2A3B8ECA00268A49 /* PortalViewModel.swift */ = {isa = PBXFileReference; lastKnownFileType = sourcecode.swift; path = PortalViewModel.swift; sourceTree = "<group>"; };
		CFF291BE2A3B9E1800268A49 /* oldcity.jpg */ = {isa = PBXFileReference; lastKnownFileType = image.jpeg; path = oldcity.jpg; sourceTree = "<group>"; };
		CFF291C02A3B9EF500268A49 /* beach.jpg */ = {isa = PBXFileReference; lastKnownFileType = image.jpeg; path = beach.jpg; sourceTree = "<group>"; };
		CFF291C22A3DF15E00268A49 /* HelpButtonView.swift */ = {isa = PBXFileReference; lastKnownFileType = sourcecode.swift; path = HelpButtonView.swift; sourceTree = "<group>"; };
		CFF291C42A3DF95C00268A49 /* Lens.rcproject */ = {isa = PBXFileReference; lastKnownFileType = file.rcproject; path = Lens.rcproject; sourceTree = "<group>"; };
		CFF291FE2A3DFA3C00268A49 /* LensARView.swift */ = {isa = PBXFileReference; lastKnownFileType = sourcecode.swift; path = LensARView.swift; sourceTree = "<group>"; };
		CFF292012A3DFB3600268A49 /* LensView.swift */ = {isa = PBXFileReference; lastKnownFileType = sourcecode.swift; path = LensView.swift; sourceTree = "<group>"; };
		CFF292032A3E042400268A49 /* LogoView.swift */ = {isa = PBXFileReference; lastKnownFileType = sourcecode.swift; path = LogoView.swift; sourceTree = "<group>"; };
		CFF4340127D5406A009D6FCC /* room_mask.usdz */ = {isa = PBXFileReference; lastKnownFileType = file.usdz; path = room_mask.usdz; sourceTree = "<group>"; };
		CFF4340627D54C07009D6FCC /* room_logo.usdz */ = {isa = PBXFileReference; lastKnownFileType = file.usdz; path = room_logo.usdz; sourceTree = "<group>"; };
/* End PBXFileReference section */

/* Begin PBXFrameworksBuildPhase section */
		CF830338274597A6008A1063 /* Frameworks */ = {
			isa = PBXFrameworksBuildPhase;
			buildActionMask = 2147483647;
			files = (
			);
			runOnlyForDeploymentPostprocessing = 0;
		};
/* End PBXFrameworksBuildPhase section */

/* Begin PBXGroup section */
		CF31DC792A311E620070DB34 /* Portal */ = {
			isa = PBXGroup;
			children = (
				CFF291A62A3490FB00268A49 /* 3DModels */,
				CFF291A52A34906400268A49 /* Textures */,
				CFF291AE2A34ACD000268A49 /* PortalARView.swift */,
				CFE7462C27D26F5D00069133 /* PortalView.swift */,
				CFF291BC2A3B8ECA00268A49 /* PortalViewModel.swift */,
			);
			path = Portal;
			sourceTree = "<group>";
		};
		CF6352902A2B58EA00FFB1DB /* Services */ = {
			isa = PBXGroup;
			children = (
				CF6352912A2B592500FFB1DB /* LocationManager.swift */,
				CF843A642A2BC76400085922 /* ARViewUIViewRepresentable.swift */,
				CFF291B62A38EE0C00268A49 /* ARView.swift */,
				CF6BCB6B2A48ABDE0052118A /* ViewModel.swift */,
			);
			path = Services;
			sourceTree = "<group>";
		};
		CF830332274597A6008A1063 = {
			isa = PBXGroup;
			children = (
				CF83033D274597A6008A1063 /* UpolAR */,
				CF83033C274597A6008A1063 /* Products */,
			);
			sourceTree = "<group>";
		};
		CF83033C274597A6008A1063 /* Products */ = {
			isa = PBXGroup;
			children = (
				CF83033B274597A6008A1063 /* UpolAR.app */,
			);
			name = Products;
			sourceTree = "<group>";
		};
		CF83033D274597A6008A1063 /* UpolAR */ = {
			isa = PBXGroup;
			children = (
				CFCC04572A474FB000EB5A4C /* Computer */,
				CFE8E28B2A474DC500CA5532 /* Navigator */,
				CF0B9BDE2A3F457100B2D1CC /* LaunchScreen.storyboard */,
				CF0B9BDD2A3F436D00B2D1CC /* Info.plist */,
				CF83033E274597A6008A1063 /* UpolARApp.swift */,
				CF86AB342A40D428005B1BCA /* Tetris */,
				CFF291FD2A3DFA2400268A49 /* Lens */,
				CF31DC792A311E620070DB34 /* Portal */,
				CFF291B02A34ADEA00268A49 /* Home */,
				CFF291B12A34AE1200268A49 /* Subviews */,
				CF6352902A2B58EA00FFB1DB /* Services */,
				CF830342274597A8008A1063 /* Assets.xcassets */,
				CF83034C274597C4008A1063 /* About */,
				CF830344274597A8008A1063 /* Preview Content */,
			);
			path = UpolAR;
			sourceTree = "<group>";
		};
		CF830344274597A8008A1063 /* Preview Content */ = {
			isa = PBXGroup;
			children = (
				CF830345274597A8008A1063 /* Preview Assets.xcassets */,
			);
			path = "Preview Content";
			sourceTree = "<group>";
		};
		CF83034C274597C4008A1063 /* About */ = {
			isa = PBXGroup;
			children = (
				CF090F1C27479A4100F68DB9 /* AboutView.swift */,
				CF83034D274597DD008A1063 /* about_department.md */,
				CF83034E274597DD008A1063 /* about_faculty.md */,
				CF83034F274597DD008A1063 /* about_university.md */,
			);
			path = About;
			sourceTree = "<group>";
		};
		CF86AB342A40D428005B1BCA /* Tetris */ = {
			isa = PBXGroup;
			children = (
				CF86AB352A40D436005B1BCA /* TetrisView.swift */,
				CF86AB372A40D448005B1BCA /* TetrisViewModel.swift */,
				CF91CE8F2A436B1C0020C662 /* BrickModel.swift */,
				CFC130D02A44A29500EAF734 /* TetrisARView.swift */,
			);
			path = Tetris;
			sourceTree = "<group>";
		};
		CFCC04572A474FB000EB5A4C /* Computer */ = {
			isa = PBXGroup;
			children = (
				CFCC045C2A47536800EB5A4C /* Video */,
				CFCC04582A474FBD00EB5A4C /* ComputerView.swift */,
				CF6BCB672A484F2E0052118A /* ComputerModel.swift */,
				CFCC045A2A474FC900EB5A4C /* ComputerARView.swift */,
			);
			path = Computer;
			sourceTree = "<group>";
		};
		CFCC045C2A47536800EB5A4C /* Video */ = {
			isa = PBXGroup;
			children = (
				CF6BCB612A484A8F0052118A /* digital.mp4 */,
				CF6BCB5F2A484A8E0052118A /* ibook.mp4 */,
				CF6BCB622A484A8F0052118A /* satelite.mp4 */,
				CF6BCB602A484A8F0052118A /* systemos.mp4 */,
			);
			path = Video;
			sourceTree = "<group>";
		};
		CFE8E28B2A474DC500CA5532 /* Navigator */ = {
			isa = PBXGroup;
			children = (
				CFE8E28C2A474DD800CA5532 /* NavigatorView.swift */,
				CFE8E28E2A474DFC00CA5532 /* NavigatorARView.swift */,
				CFE8E2902A474E5800CA5532 /* Navigator.rcproject */,
			);
			path = Navigator;
			sourceTree = "<group>";
		};
		CFF291A52A34906400268A49 /* Textures */ = {
			isa = PBXGroup;
			children = (
				CFF291C02A3B9EF500268A49 /* beach.jpg */,
				CFF291BE2A3B9E1800268A49 /* oldcity.jpg */,
				CFF291B22A3621F300268A49 /* sunset.jpg */,
				CFAF6F2F27D2A61800FD1590 /* christmas.jpg */,
			);
			path = Textures;
			sourceTree = "<group>";
		};
		CFF291A62A3490FB00268A49 /* 3DModels */ = {
			isa = PBXGroup;
			children = (
				CFF4340127D5406A009D6FCC /* room_mask.usdz */,
				CFA888A72812B94F00FB5BC6 /* room.usdz */,
				CFF4340627D54C07009D6FCC /* room_logo.usdz */,
			);
			path = 3DModels;
			sourceTree = "<group>";
		};
		CFF291B02A34ADEA00268A49 /* Home */ = {
			isa = PBXGroup;
			children = (
				CF31DC6F2A310E890070DB34 /* RemoteView.swift */,
				CF31DC772A3114E30070DB34 /* CloseView.swift */,
				CFF291A32A34814800268A49 /* NoLocationView.swift */,
				CF31DC712A310ECE0070DB34 /* MenuView.swift */,
				CF6352932A2B597E00FFB1DB /* ContentView.swift */,
				CFD2D9A72A2C92DC00764228 /* ContentViewModel.swift */,
			);
			path = Home;
			sourceTree = "<group>";
		};
		CFF291B12A34AE1200268A49 /* Subviews */ = {
			isa = PBXGroup;
			children = (
				CF31DC752A3113A20070DB34 /* BackButtonView.swift */,
				CF31DC7A2A32614D0070DB34 /* MenuButtonView.swift */,
				CFD2D9A52A2C904300764228 /* BoardingSheetView.swift */,
				CFF291C22A3DF15E00268A49 /* HelpButtonView.swift */,
				CFF292032A3E042400268A49 /* LogoView.swift */,
				CFE39DD62A49F07500AE71D3 /* LogoViewModel.swift */,
				CF0B9BDA2A3F3D2A00B2D1CC /* BannerButtonView.swift */,
				CFE8E2702A4716C400CA5532 /* CompassView.swift */,
			);
			path = Subviews;
			sourceTree = "<group>";
		};
		CFF291FD2A3DFA2400268A49 /* Lens */ = {
			isa = PBXGroup;
			children = (
				CFF291C42A3DF95C00268A49 /* Lens.rcproject */,
				CFF291FE2A3DFA3C00268A49 /* LensARView.swift */,
				CFF292012A3DFB3600268A49 /* LensView.swift */,
			);
			path = Lens;
			sourceTree = "<group>";
		};
/* End PBXGroup section */

/* Begin PBXNativeTarget section */
		CF83033A274597A6008A1063 /* UpolAR */ = {
			isa = PBXNativeTarget;
			buildConfigurationList = CF830349274597A8008A1063 /* Build configuration list for PBXNativeTarget "UpolAR" */;
			buildPhases = (
				CF830337274597A6008A1063 /* Sources */,
				CF830338274597A6008A1063 /* Frameworks */,
				CF830339274597A6008A1063 /* Resources */,
			);
			buildRules = (
			);
			dependencies = (
			);
			name = UpolAR;
			productName = UpolAR;
			productReference = CF83033B274597A6008A1063 /* UpolAR.app */;
			productType = "com.apple.product-type.application";
		};
/* End PBXNativeTarget section */

/* Begin PBXProject section */
		CF830333274597A6008A1063 /* Project object */ = {
			isa = PBXProject;
			attributes = {
				BuildIndependentTargetsInParallel = 1;
				LastSwiftUpdateCheck = 1310;
				LastUpgradeCheck = 1320;
				TargetAttributes = {
					CF83033A274597A6008A1063 = {
						CreatedOnToolsVersion = 13.1;
					};
				};
			};
			buildConfigurationList = CF830336274597A6008A1063 /* Build configuration list for PBXProject "UpolAR" */;
			compatibilityVersion = "Xcode 13.0";
			developmentRegion = cs;
			hasScannedForEncodings = 0;
			knownRegions = (
				en,
				Base,
				cs,
			);
			mainGroup = CF830332274597A6008A1063;
			productRefGroup = CF83033C274597A6008A1063 /* Products */;
			projectDirPath = "";
			projectRoot = "";
			targets = (
				CF83033A274597A6008A1063 /* UpolAR */,
			);
		};
/* End PBXProject section */

/* Begin PBXResourcesBuildPhase section */
		CF830339274597A6008A1063 /* Resources */ = {
			isa = PBXResourcesBuildPhase;
			buildActionMask = 2147483647;
			files = (
				CFF291C12A3B9EF500268A49 /* beach.jpg in Resources */,
				CF830350274597DD008A1063 /* about_department.md in Resources */,
				CF6BCB642A484A8F0052118A /* systemos.mp4 in Resources */,
				CFF291B32A3621F300268A49 /* sunset.jpg in Resources */,
				CFA888A82812B94F00FB5BC6 /* room.usdz in Resources */,
				CF830352274597DD008A1063 /* about_university.md in Resources */,
				CFF4340327D5406A009D6FCC /* room_mask.usdz in Resources */,
				CFF291BF2A3B9E1800268A49 /* oldcity.jpg in Resources */,
				CF6BCB652A484A8F0052118A /* digital.mp4 in Resources */,
				CFAF6F3027D2A61800FD1590 /* christmas.jpg in Resources */,
				CF830351274597DD008A1063 /* about_faculty.md in Resources */,
				CF830346274597A8008A1063 /* Preview Assets.xcassets in Resources */,
				CF0B9BDF2A3F457100B2D1CC /* LaunchScreen.storyboard in Resources */,
				CF830343274597A8008A1063 /* Assets.xcassets in Resources */,
				CF6BCB632A484A8F0052118A /* ibook.mp4 in Resources */,
				CFF4340727D54C08009D6FCC /* room_logo.usdz in Resources */,
				CF6BCB662A484A8F0052118A /* satelite.mp4 in Resources */,
			);
			runOnlyForDeploymentPostprocessing = 0;
		};
/* End PBXResourcesBuildPhase section */

/* Begin PBXSourcesBuildPhase section */
		CF830337274597A6008A1063 /* Sources */ = {
			isa = PBXSourcesBuildPhase;
			buildActionMask = 2147483647;
			files = (
				CFE7462D27D26F5D00069133 /* PortalView.swift in Sources */,
				CFF292002A3DFB1600268A49 /* Lens.rcproject in Sources */,
				CFF291C32A3DF15E00268A49 /* HelpButtonView.swift in Sources */,
				CF91CE902A436B1C0020C662 /* BrickModel.swift in Sources */,
				CF6BCB682A484F2E0052118A /* ComputerModel.swift in Sources */,
				CF31DC7B2A32614D0070DB34 /* MenuButtonView.swift in Sources */,
				CFF291B72A38EE0C00268A49 /* ARView.swift in Sources */,
				CF31DC722A310ECF0070DB34 /* MenuView.swift in Sources */,
				CF090F1D27479A4100F68DB9 /* AboutView.swift in Sources */,
				CF6BCB6C2A48ABDE0052118A /* ViewModel.swift in Sources */,
				CFF291BD2A3B8ECA00268A49 /* PortalViewModel.swift in Sources */,
				CFE39DD72A49F07500AE71D3 /* LogoViewModel.swift in Sources */,
				CFC130D12A44A29500EAF734 /* TetrisARView.swift in Sources */,
				CFF292042A3E042400268A49 /* LogoView.swift in Sources */,
				CFF291FF2A3DFA3C00268A49 /* LensARView.swift in Sources */,
				CF0B9BDB2A3F3D2A00B2D1CC /* BannerButtonView.swift in Sources */,
				CFF292022A3DFB3600268A49 /* LensView.swift in Sources */,
				CF6352922A2B592500FFB1DB /* LocationManager.swift in Sources */,
				CF31DC782A3114E30070DB34 /* CloseView.swift in Sources */,
				CFD2D9A62A2C904300764228 /* BoardingSheetView.swift in Sources */,
				CFE8E28F2A474DFC00CA5532 /* NavigatorARView.swift in Sources */,
				CF31DC762A3113A20070DB34 /* BackButtonView.swift in Sources */,
				CF86AB362A40D436005B1BCA /* TetrisView.swift in Sources */,
				CFE8E28D2A474DD800CA5532 /* NavigatorView.swift in Sources */,
				CFF291A42A34814800268A49 /* NoLocationView.swift in Sources */,
				CFF291AF2A34ACD000268A49 /* PortalARView.swift in Sources */,
				CFCC04592A474FBD00EB5A4C /* ComputerView.swift in Sources */,
				CF31DC702A310E890070DB34 /* RemoteView.swift in Sources */,
				CF6352942A2B597E00FFB1DB /* ContentView.swift in Sources */,
				CFD2D9A82A2C92DC00764228 /* ContentViewModel.swift in Sources */,
				CF843A652A2BC76400085922 /* ARViewUIViewRepresentable.swift in Sources */,
				CFE8E2712A4716C400CA5532 /* CompassView.swift in Sources */,
				CFE8E2912A474E5F00CA5532 /* Navigator.rcproject in Sources */,
				CF83033F274597A6008A1063 /* UpolARApp.swift in Sources */,
				CFCC045B2A474FC900EB5A4C /* ComputerARView.swift in Sources */,
				CF86AB382A40D448005B1BCA /* TetrisViewModel.swift in Sources */,
			);
			runOnlyForDeploymentPostprocessing = 0;
		};
/* End PBXSourcesBuildPhase section */

/* Begin XCBuildConfiguration section */
		CF830347274597A8008A1063 /* Debug */ = {
			isa = XCBuildConfiguration;
			buildSettings = {
				ALWAYS_SEARCH_USER_PATHS = NO;
				CLANG_ANALYZER_LOCALIZABILITY_NONLOCALIZED = YES;
				CLANG_ANALYZER_NONNULL = YES;
				CLANG_ANALYZER_NUMBER_OBJECT_CONVERSION = YES_AGGRESSIVE;
				CLANG_CXX_LANGUAGE_STANDARD = "gnu++17";
				CLANG_CXX_LIBRARY = "libc++";
				CLANG_ENABLE_MODULES = YES;
				CLANG_ENABLE_OBJC_ARC = YES;
				CLANG_ENABLE_OBJC_WEAK = YES;
				CLANG_WARN_BLOCK_CAPTURE_AUTORELEASING = YES;
				CLANG_WARN_BOOL_CONVERSION = YES;
				CLANG_WARN_COMMA = YES;
				CLANG_WARN_CONSTANT_CONVERSION = YES;
				CLANG_WARN_DEPRECATED_OBJC_IMPLEMENTATIONS = YES;
				CLANG_WARN_DIRECT_OBJC_ISA_USAGE = YES_ERROR;
				CLANG_WARN_DOCUMENTATION_COMMENTS = YES;
				CLANG_WARN_EMPTY_BODY = YES;
				CLANG_WARN_ENUM_CONVERSION = YES;
				CLANG_WARN_INFINITE_RECURSION = YES;
				CLANG_WARN_INT_CONVERSION = YES;
				CLANG_WARN_NON_LITERAL_NULL_CONVERSION = YES;
				CLANG_WARN_OBJC_IMPLICIT_RETAIN_SELF = YES;
				CLANG_WARN_OBJC_LITERAL_CONVERSION = YES;
				CLANG_WARN_OBJC_ROOT_CLASS = YES_ERROR;
				CLANG_WARN_QUOTED_INCLUDE_IN_FRAMEWORK_HEADER = YES;
				CLANG_WARN_RANGE_LOOP_ANALYSIS = YES;
				CLANG_WARN_STRICT_PROTOTYPES = YES;
				CLANG_WARN_SUSPICIOUS_MOVE = YES;
				CLANG_WARN_UNGUARDED_AVAILABILITY = YES_AGGRESSIVE;
				CLANG_WARN_UNREACHABLE_CODE = YES;
				CLANG_WARN__DUPLICATE_METHOD_MATCH = YES;
				COPY_PHASE_STRIP = NO;
				DEBUG_INFORMATION_FORMAT = dwarf;
				ENABLE_STRICT_OBJC_MSGSEND = YES;
				ENABLE_TESTABILITY = YES;
				GCC_C_LANGUAGE_STANDARD = gnu11;
				GCC_DYNAMIC_NO_PIC = NO;
				GCC_NO_COMMON_BLOCKS = YES;
				GCC_OPTIMIZATION_LEVEL = 0;
				GCC_PREPROCESSOR_DEFINITIONS = (
					"DEBUG=1",
					"$(inherited)",
				);
				GCC_WARN_64_TO_32_BIT_CONVERSION = YES;
				GCC_WARN_ABOUT_RETURN_TYPE = YES_ERROR;
				GCC_WARN_UNDECLARED_SELECTOR = YES;
				GCC_WARN_UNINITIALIZED_AUTOS = YES_AGGRESSIVE;
				GCC_WARN_UNUSED_FUNCTION = YES;
				GCC_WARN_UNUSED_VARIABLE = YES;
				IPHONEOS_DEPLOYMENT_TARGET = 15.0;
				MTL_ENABLE_DEBUG_INFO = INCLUDE_SOURCE;
				MTL_FAST_MATH = YES;
				ONLY_ACTIVE_ARCH = YES;
				SDKROOT = iphoneos;
				SWIFT_ACTIVE_COMPILATION_CONDITIONS = DEBUG;
				SWIFT_OPTIMIZATION_LEVEL = "-Onone";
			};
			name = Debug;
		};
		CF830348274597A8008A1063 /* Release */ = {
			isa = XCBuildConfiguration;
			buildSettings = {
				ALWAYS_SEARCH_USER_PATHS = NO;
				CLANG_ANALYZER_LOCALIZABILITY_NONLOCALIZED = YES;
				CLANG_ANALYZER_NONNULL = YES;
				CLANG_ANALYZER_NUMBER_OBJECT_CONVERSION = YES_AGGRESSIVE;
				CLANG_CXX_LANGUAGE_STANDARD = "gnu++17";
				CLANG_CXX_LIBRARY = "libc++";
				CLANG_ENABLE_MODULES = YES;
				CLANG_ENABLE_OBJC_ARC = YES;
				CLANG_ENABLE_OBJC_WEAK = YES;
				CLANG_WARN_BLOCK_CAPTURE_AUTORELEASING = YES;
				CLANG_WARN_BOOL_CONVERSION = YES;
				CLANG_WARN_COMMA = YES;
				CLANG_WARN_CONSTANT_CONVERSION = YES;
				CLANG_WARN_DEPRECATED_OBJC_IMPLEMENTATIONS = YES;
				CLANG_WARN_DIRECT_OBJC_ISA_USAGE = YES_ERROR;
				CLANG_WARN_DOCUMENTATION_COMMENTS = YES;
				CLANG_WARN_EMPTY_BODY = YES;
				CLANG_WARN_ENUM_CONVERSION = YES;
				CLANG_WARN_INFINITE_RECURSION = YES;
				CLANG_WARN_INT_CONVERSION = YES;
				CLANG_WARN_NON_LITERAL_NULL_CONVERSION = YES;
				CLANG_WARN_OBJC_IMPLICIT_RETAIN_SELF = YES;
				CLANG_WARN_OBJC_LITERAL_CONVERSION = YES;
				CLANG_WARN_OBJC_ROOT_CLASS = YES_ERROR;
				CLANG_WARN_QUOTED_INCLUDE_IN_FRAMEWORK_HEADER = YES;
				CLANG_WARN_RANGE_LOOP_ANALYSIS = YES;
				CLANG_WARN_STRICT_PROTOTYPES = YES;
				CLANG_WARN_SUSPICIOUS_MOVE = YES;
				CLANG_WARN_UNGUARDED_AVAILABILITY = YES_AGGRESSIVE;
				CLANG_WARN_UNREACHABLE_CODE = YES;
				CLANG_WARN__DUPLICATE_METHOD_MATCH = YES;
				COPY_PHASE_STRIP = NO;
				DEBUG_INFORMATION_FORMAT = "dwarf-with-dsym";
				ENABLE_NS_ASSERTIONS = NO;
				ENABLE_STRICT_OBJC_MSGSEND = YES;
				GCC_C_LANGUAGE_STANDARD = gnu11;
				GCC_NO_COMMON_BLOCKS = YES;
				GCC_WARN_64_TO_32_BIT_CONVERSION = YES;
				GCC_WARN_ABOUT_RETURN_TYPE = YES_ERROR;
				GCC_WARN_UNDECLARED_SELECTOR = YES;
				GCC_WARN_UNINITIALIZED_AUTOS = YES_AGGRESSIVE;
				GCC_WARN_UNUSED_FUNCTION = YES;
				GCC_WARN_UNUSED_VARIABLE = YES;
				IPHONEOS_DEPLOYMENT_TARGET = 15.0;
				MTL_ENABLE_DEBUG_INFO = NO;
				MTL_FAST_MATH = YES;
				SDKROOT = iphoneos;
				SWIFT_COMPILATION_MODE = wholemodule;
				SWIFT_OPTIMIZATION_LEVEL = "-O";
				VALIDATE_PRODUCT = YES;
			};
			name = Release;
		};
		CF83034A274597A8008A1063 /* Debug */ = {
			isa = XCBuildConfiguration;
			buildSettings = {
				ASSETCATALOG_COMPILER_APPICON_NAME = AppIcon;
				ASSETCATALOG_COMPILER_GLOBAL_ACCENT_COLOR_NAME = AccentColor;
				CODE_SIGN_STYLE = Automatic;
				CURRENT_PROJECT_VERSION = 1;
				DEVELOPMENT_ASSET_PATHS = "\"UpolAR/Preview Content\"";
				DEVELOPMENT_TEAM = BY8G7HDNPV;
				ENABLE_PREVIEWS = YES;
				GENERATE_INFOPLIST_FILE = YES;
				INFOPLIST_FILE = UpolAR/Info.plist;
				INFOPLIST_KEY_NSCameraUsageDescription = "";
				INFOPLIST_KEY_NSLocationWhenInUseUsageDescription = "Pro správné použití aplikace je potřeba povolit polohové služby.";
				INFOPLIST_KEY_UIApplicationSceneManifest_Generation = YES;
				INFOPLIST_KEY_UIApplicationSupportsIndirectInputEvents = YES;
				INFOPLIST_KEY_UILaunchScreen_Generation = YES;
				INFOPLIST_KEY_UIRequiredDeviceCapabilities = arkit;
				INFOPLIST_KEY_UIStatusBarHidden = YES;
				INFOPLIST_KEY_UISupportedInterfaceOrientations_iPad = "UIInterfaceOrientationPortrait UIInterfaceOrientationPortraitUpsideDown UIInterfaceOrientationLandscapeLeft UIInterfaceOrientationLandscapeRight";
				INFOPLIST_KEY_UISupportedInterfaceOrientations_iPhone = UIInterfaceOrientationPortrait;
				IPHONEOS_DEPLOYMENT_TARGET = 16.1;
				LD_RUNPATH_SEARCH_PATHS = (
					"$(inherited)",
					"@executable_path/Frameworks",
				);
				MARKETING_VERSION = 1.0;
				PRODUCT_BUNDLE_IDENTIFIER = cz.djdesign.UpolAR;
				PRODUCT_NAME = "$(TARGET_NAME)";
				SUPPORTED_PLATFORMS = "iphoneos iphonesimulator";
				SUPPORTS_MACCATALYST = NO;
				SUPPORTS_MAC_DESIGNED_FOR_IPHONE_IPAD = NO;
				SWIFT_EMIT_LOC_STRINGS = YES;
				SWIFT_VERSION = 5.0;
				TARGETED_DEVICE_FAMILY = 1;
			};
			name = Debug;
		};
		CF83034B274597A8008A1063 /* Release */ = {
			isa = XCBuildConfiguration;
			buildSettings = {
				ASSETCATALOG_COMPILER_APPICON_NAME = AppIcon;
				ASSETCATALOG_COMPILER_GLOBAL_ACCENT_COLOR_NAME = AccentColor;
				CODE_SIGN_STYLE = Automatic;
				CURRENT_PROJECT_VERSION = 1;
				DEVELOPMENT_ASSET_PATHS = "\"UpolAR/Preview Content\"";
				DEVELOPMENT_TEAM = BY8G7HDNPV;
				ENABLE_PREVIEWS = YES;
				GENERATE_INFOPLIST_FILE = YES;
				INFOPLIST_FILE = UpolAR/Info.plist;
				INFOPLIST_KEY_NSCameraUsageDescription = "";
				INFOPLIST_KEY_NSLocationWhenInUseUsageDescription = "Pro správné použití aplikace je potřeba povolit polohové služby.";
				INFOPLIST_KEY_UIApplicationSceneManifest_Generation = YES;
				INFOPLIST_KEY_UIApplicationSupportsIndirectInputEvents = YES;
				INFOPLIST_KEY_UILaunchScreen_Generation = YES;
				INFOPLIST_KEY_UIRequiredDeviceCapabilities = arkit;
				INFOPLIST_KEY_UIStatusBarHidden = YES;
				INFOPLIST_KEY_UISupportedInterfaceOrientations_iPad = "UIInterfaceOrientationPortrait UIInterfaceOrientationPortraitUpsideDown UIInterfaceOrientationLandscapeLeft UIInterfaceOrientationLandscapeRight";
				INFOPLIST_KEY_UISupportedInterfaceOrientations_iPhone = UIInterfaceOrientationPortrait;
				IPHONEOS_DEPLOYMENT_TARGET = 16.1;
				LD_RUNPATH_SEARCH_PATHS = (
					"$(inherited)",
					"@executable_path/Frameworks",
				);
				MARKETING_VERSION = 1.0;
				PRODUCT_BUNDLE_IDENTIFIER = cz.djdesign.UpolAR;
				PRODUCT_NAME = "$(TARGET_NAME)";
				SUPPORTED_PLATFORMS = "iphoneos iphonesimulator";
				SUPPORTS_MACCATALYST = NO;
				SUPPORTS_MAC_DESIGNED_FOR_IPHONE_IPAD = NO;
				SWIFT_EMIT_LOC_STRINGS = YES;
				SWIFT_VERSION = 5.0;
				TARGETED_DEVICE_FAMILY = 1;
			};
			name = Release;
		};
/* End XCBuildConfiguration section */

/* Begin XCConfigurationList section */
		CF830336274597A6008A1063 /* Build configuration list for PBXProject "UpolAR" */ = {
			isa = XCConfigurationList;
			buildConfigurations = (
				CF830347274597A8008A1063 /* Debug */,
				CF830348274597A8008A1063 /* Release */,
			);
			defaultConfigurationIsVisible = 0;
			defaultConfigurationName = Release;
		};
		CF830349274597A8008A1063 /* Build configuration list for PBXNativeTarget "UpolAR" */ = {
			isa = XCConfigurationList;
			buildConfigurations = (
				CF83034A274597A8008A1063 /* Debug */,
				CF83034B274597A8008A1063 /* Release */,
			);
			defaultConfigurationIsVisible = 0;
			defaultConfigurationName = Release;
		};
/* End XCConfigurationList section */
	};
	rootObject = CF830333274597A6008A1063 /* Project object */;
}
