// !$*UTF8*$!
{
	archiveVersion = 1;
	classes = {
	};
	objectVersion = 55;
	objects = {

/* Begin PBXBuildFile section */
		CF090F1D27479A4100F68DB9 /* AboutView.swift in Sources */ = {isa = PBXBuildFile; fileRef = CF090F1C27479A4100F68DB9 /* AboutView.swift */; };
		CF090F1F2747C5EC00F68DB9 /* GameARView.swift in Sources */ = {isa = PBXBuildFile; fileRef = CF090F1E2747C5EC00F68DB9 /* GameARView.swift */; };
		CF2AF00727AF1A8E0028A2C3 /* BreakoutVideoMaterial.mp4 in Resources */ = {isa = PBXBuildFile; fileRef = CF2AF00627AF1A8E0028A2C3 /* BreakoutVideoMaterial.mp4 */; };
		CF6352922A2B592500FFB1DB /* LocationManager.swift in Sources */ = {isa = PBXBuildFile; fileRef = CF6352912A2B592500FFB1DB /* LocationManager.swift */; };
		CF6352942A2B597E00FFB1DB /* ContentView.swift in Sources */ = {isa = PBXBuildFile; fileRef = CF6352932A2B597E00FFB1DB /* ContentView.swift */; };
		CF6352992A2B5A6A00FFB1DB /* ARCompassView.swift in Sources */ = {isa = PBXBuildFile; fileRef = CF6352982A2B5A6A00FFB1DB /* ARCompassView.swift */; };
		CF63529C2A2B5BAC00FFB1DB /* upol-arrow.usdz in Resources */ = {isa = PBXBuildFile; fileRef = CF63529B2A2B5BAC00FFB1DB /* upol-arrow.usdz */; };
		CF707E2C2794A3D300167DB8 /* BreakoutGameAR.swift in Sources */ = {isa = PBXBuildFile; fileRef = CF707E2B2794A3D300167DB8 /* BreakoutGameAR.swift */; };
		CF805128275CFDB60022EC00 /* NavigatorARScene.rcproject in Sources */ = {isa = PBXBuildFile; fileRef = CF805127275CFDB60022EC00 /* NavigatorARScene.rcproject */; };
		CF80512A275CFDF00022EC00 /* NavigatorARView.swift in Sources */ = {isa = PBXBuildFile; fileRef = CF805129275CFDF00022EC00 /* NavigatorARView.swift */; };
		CF83033F274597A6008A1063 /* UpolARApp.swift in Sources */ = {isa = PBXBuildFile; fileRef = CF83033E274597A6008A1063 /* UpolARApp.swift */; };
		CF830343274597A8008A1063 /* Assets.xcassets in Resources */ = {isa = PBXBuildFile; fileRef = CF830342274597A8008A1063 /* Assets.xcassets */; };
		CF830346274597A8008A1063 /* Preview Assets.xcassets in Resources */ = {isa = PBXBuildFile; fileRef = CF830345274597A8008A1063 /* Preview Assets.xcassets */; };
		CF830350274597DD008A1063 /* about_department.md in Resources */ = {isa = PBXBuildFile; fileRef = CF83034D274597DD008A1063 /* about_department.md */; };
		CF830351274597DD008A1063 /* about_faculty.md in Resources */ = {isa = PBXBuildFile; fileRef = CF83034E274597DD008A1063 /* about_faculty.md */; };
		CF830352274597DD008A1063 /* about_university.md in Resources */ = {isa = PBXBuildFile; fileRef = CF83034F274597DD008A1063 /* about_university.md */; };
		CF843A652A2BC76400085922 /* ARViewUIViewRepresentable.swift in Sources */ = {isa = PBXBuildFile; fileRef = CF843A642A2BC76400085922 /* ARViewUIViewRepresentable.swift */; };
		CFA888A82812B94F00FB5BC6 /* room.usdz in Resources */ = {isa = PBXBuildFile; fileRef = CFA888A72812B94F00FB5BC6 /* room.usdz */; };
		CFAF6F2A27D29F8C00FD1590 /* PortalAR.swift in Sources */ = {isa = PBXBuildFile; fileRef = CFAF6F2927D29F8C00FD1590 /* PortalAR.swift */; };
		CFAF6F3027D2A61800FD1590 /* christmas.jpg in Resources */ = {isa = PBXBuildFile; fileRef = CFAF6F2F27D2A61800FD1590 /* christmas.jpg */; };
		CFBACF142795D2A300C2E0FC /* BreakoutGameARScene.rcproject in Sources */ = {isa = PBXBuildFile; fileRef = CFBACF132795D29900C2E0FC /* BreakoutGameARScene.rcproject */; };
		CFE6222C2A2B972A004C6133 /* ARCompassViewModel.swift in Sources */ = {isa = PBXBuildFile; fileRef = CFE6222B2A2B972A004C6133 /* ARCompassViewModel.swift */; };
		CFE7462927D26C0A00069133 /* NavigatorAR.swift in Sources */ = {isa = PBXBuildFile; fileRef = CFE7462827D26C0A00069133 /* NavigatorAR.swift */; };
		CFE7462D27D26F5D00069133 /* PortalARView.swift in Sources */ = {isa = PBXBuildFile; fileRef = CFE7462C27D26F5D00069133 /* PortalARView.swift */; };
		CFE7463327D272E800069133 /* BreakoutGameARAnchor.jpg in Resources */ = {isa = PBXBuildFile; fileRef = CFE7463227D272E800069133 /* BreakoutGameARAnchor.jpg */; };
		CFF4340327D5406A009D6FCC /* room_mask.usdz in Resources */ = {isa = PBXBuildFile; fileRef = CFF4340127D5406A009D6FCC /* room_mask.usdz */; };
		CFF4340727D54C08009D6FCC /* room_logo.usdz in Resources */ = {isa = PBXBuildFile; fileRef = CFF4340627D54C07009D6FCC /* room_logo.usdz */; };
/* End PBXBuildFile section */

/* Begin PBXFileReference section */
		CF090F1C27479A4100F68DB9 /* AboutView.swift */ = {isa = PBXFileReference; lastKnownFileType = sourcecode.swift; path = AboutView.swift; sourceTree = "<group>"; };
		CF090F1E2747C5EC00F68DB9 /* GameARView.swift */ = {isa = PBXFileReference; lastKnownFileType = sourcecode.swift; path = GameARView.swift; sourceTree = "<group>"; };
		CF2AF00627AF1A8E0028A2C3 /* BreakoutVideoMaterial.mp4 */ = {isa = PBXFileReference; lastKnownFileType = file; path = BreakoutVideoMaterial.mp4; sourceTree = "<group>"; };
		CF6352912A2B592500FFB1DB /* LocationManager.swift */ = {isa = PBXFileReference; lastKnownFileType = sourcecode.swift; path = LocationManager.swift; sourceTree = "<group>"; };
		CF6352932A2B597E00FFB1DB /* ContentView.swift */ = {isa = PBXFileReference; lastKnownFileType = sourcecode.swift; path = ContentView.swift; sourceTree = "<group>"; };
		CF6352982A2B5A6A00FFB1DB /* ARCompassView.swift */ = {isa = PBXFileReference; lastKnownFileType = sourcecode.swift; path = ARCompassView.swift; sourceTree = "<group>"; };
		CF63529B2A2B5BAC00FFB1DB /* upol-arrow.usdz */ = {isa = PBXFileReference; lastKnownFileType = file.usdz; path = "upol-arrow.usdz"; sourceTree = "<group>"; };
		CF707E2B2794A3D300167DB8 /* BreakoutGameAR.swift */ = {isa = PBXFileReference; lastKnownFileType = sourcecode.swift; path = BreakoutGameAR.swift; sourceTree = "<group>"; };
		CF805127275CFDB60022EC00 /* NavigatorARScene.rcproject */ = {isa = PBXFileReference; lastKnownFileType = file.rcproject; path = NavigatorARScene.rcproject; sourceTree = "<group>"; };
		CF805129275CFDF00022EC00 /* NavigatorARView.swift */ = {isa = PBXFileReference; lastKnownFileType = sourcecode.swift; path = NavigatorARView.swift; sourceTree = "<group>"; };
		CF83033B274597A6008A1063 /* UpolAR.app */ = {isa = PBXFileReference; explicitFileType = wrapper.application; includeInIndex = 0; path = UpolAR.app; sourceTree = BUILT_PRODUCTS_DIR; };
		CF83033E274597A6008A1063 /* UpolARApp.swift */ = {isa = PBXFileReference; lastKnownFileType = sourcecode.swift; path = UpolARApp.swift; sourceTree = "<group>"; };
		CF830342274597A8008A1063 /* Assets.xcassets */ = {isa = PBXFileReference; lastKnownFileType = folder.assetcatalog; path = Assets.xcassets; sourceTree = "<group>"; };
		CF830345274597A8008A1063 /* Preview Assets.xcassets */ = {isa = PBXFileReference; lastKnownFileType = folder.assetcatalog; path = "Preview Assets.xcassets"; sourceTree = "<group>"; };
		CF83034D274597DD008A1063 /* about_department.md */ = {isa = PBXFileReference; fileEncoding = 4; lastKnownFileType = net.daringfireball.markdown; path = about_department.md; sourceTree = "<group>"; };
		CF83034E274597DD008A1063 /* about_faculty.md */ = {isa = PBXFileReference; fileEncoding = 4; lastKnownFileType = net.daringfireball.markdown; path = about_faculty.md; sourceTree = "<group>"; };
		CF83034F274597DD008A1063 /* about_university.md */ = {isa = PBXFileReference; fileEncoding = 4; lastKnownFileType = net.daringfireball.markdown; path = about_university.md; sourceTree = "<group>"; };
		CF843A642A2BC76400085922 /* ARViewUIViewRepresentable.swift */ = {isa = PBXFileReference; lastKnownFileType = sourcecode.swift; path = ARViewUIViewRepresentable.swift; sourceTree = "<group>"; };
		CFA888A72812B94F00FB5BC6 /* room.usdz */ = {isa = PBXFileReference; lastKnownFileType = file.usdz; path = room.usdz; sourceTree = "<group>"; };
		CFAF6F2927D29F8C00FD1590 /* PortalAR.swift */ = {isa = PBXFileReference; lastKnownFileType = sourcecode.swift; path = PortalAR.swift; sourceTree = "<group>"; };
		CFAF6F2F27D2A61800FD1590 /* christmas.jpg */ = {isa = PBXFileReference; lastKnownFileType = image.jpeg; path = christmas.jpg; sourceTree = "<group>"; };
		CFBACF132795D29900C2E0FC /* BreakoutGameARScene.rcproject */ = {isa = PBXFileReference; lastKnownFileType = file.rcproject; path = BreakoutGameARScene.rcproject; sourceTree = "<group>"; };
		CFE6222B2A2B972A004C6133 /* ARCompassViewModel.swift */ = {isa = PBXFileReference; lastKnownFileType = sourcecode.swift; path = ARCompassViewModel.swift; sourceTree = "<group>"; };
		CFE7462827D26C0A00069133 /* NavigatorAR.swift */ = {isa = PBXFileReference; lastKnownFileType = sourcecode.swift; path = NavigatorAR.swift; sourceTree = "<group>"; };
		CFE7462C27D26F5D00069133 /* PortalARView.swift */ = {isa = PBXFileReference; lastKnownFileType = sourcecode.swift; path = PortalARView.swift; sourceTree = "<group>"; };
		CFE7463227D272E800069133 /* BreakoutGameARAnchor.jpg */ = {isa = PBXFileReference; lastKnownFileType = image.jpeg; path = BreakoutGameARAnchor.jpg; sourceTree = "<group>"; };
		CFF4340127D5406A009D6FCC /* room_mask.usdz */ = {isa = PBXFileReference; lastKnownFileType = file.usdz; path = room_mask.usdz; sourceTree = "<group>"; };
		CFF4340627D54C07009D6FCC /* room_logo.usdz */ = {isa = PBXFileReference; lastKnownFileType = file.usdz; path = room_logo.usdz; sourceTree = "<group>"; };
/* End PBXFileReference section */

/* Begin PBXFrameworksBuildPhase section */
		CF830338274597A6008A1063 /* Frameworks */ = {
			isa = PBXFrameworksBuildPhase;
			buildActionMask = 2147483647;
			files = (
			);
			runOnlyForDeploymentPostprocessing = 0;
		};
/* End PBXFrameworksBuildPhase section */

/* Begin PBXGroup section */
		CF6352902A2B58EA00FFB1DB /* Services */ = {
			isa = PBXGroup;
			children = (
				CF6352912A2B592500FFB1DB /* LocationManager.swift */,
				CF843A642A2BC76400085922 /* ARViewUIViewRepresentable.swift */,
			);
			path = Services;
			sourceTree = "<group>";
		};
		CF6352952A2B59FA00FFB1DB /* ARCompass */ = {
			isa = PBXGroup;
			children = (
				CF6352982A2B5A6A00FFB1DB /* ARCompassView.swift */,
				CFE6222B2A2B972A004C6133 /* ARCompassViewModel.swift */,
			);
			path = ARCompass;
			sourceTree = "<group>";
		};
		CF63529A2A2B5B9F00FFB1DB /* 3DModels */ = {
			isa = PBXGroup;
			children = (
				CF63529B2A2B5BAC00FFB1DB /* upol-arrow.usdz */,
			);
			path = 3DModels;
			sourceTree = "<group>";
		};
		CF830332274597A6008A1063 = {
			isa = PBXGroup;
			children = (
				CF83033D274597A6008A1063 /* UpolAR */,
				CF83033C274597A6008A1063 /* Products */,
			);
			sourceTree = "<group>";
		};
		CF83033C274597A6008A1063 /* Products */ = {
			isa = PBXGroup;
			children = (
				CF83033B274597A6008A1063 /* UpolAR.app */,
			);
			name = Products;
			sourceTree = "<group>";
		};
		CF83033D274597A6008A1063 /* UpolAR */ = {
			isa = PBXGroup;
			children = (
				CF63529A2A2B5B9F00FFB1DB /* 3DModels */,
				CF6352952A2B59FA00FFB1DB /* ARCompass */,
				CF83033E274597A6008A1063 /* UpolARApp.swift */,
				CF6352932A2B597E00FFB1DB /* ContentView.swift */,
				CF6352902A2B58EA00FFB1DB /* Services */,
				CFE7462727D26BD100069133 /* Views */,
				CFE7462627D26B8300069133 /* AR */,
				CFE7462A27D26DF300069133 /* Materials */,
				CFE7462B27D26DFE00069133 /* Anchors */,
				CF830342274597A8008A1063 /* Assets.xcassets */,
				CF83034C274597C4008A1063 /* About */,
				CF830344274597A8008A1063 /* Preview Content */,
			);
			path = UpolAR;
			sourceTree = "<group>";
		};
		CF830344274597A8008A1063 /* Preview Content */ = {
			isa = PBXGroup;
			children = (
				CF830345274597A8008A1063 /* Preview Assets.xcassets */,
			);
			path = "Preview Content";
			sourceTree = "<group>";
		};
		CF83034C274597C4008A1063 /* About */ = {
			isa = PBXGroup;
			children = (
				CF83034D274597DD008A1063 /* about_department.md */,
				CF83034E274597DD008A1063 /* about_faculty.md */,
				CF83034F274597DD008A1063 /* about_university.md */,
			);
			path = About;
			sourceTree = "<group>";
		};
		CFE7462627D26B8300069133 /* AR */ = {
			isa = PBXGroup;
			children = (
				CF707E2B2794A3D300167DB8 /* BreakoutGameAR.swift */,
				CFBACF132795D29900C2E0FC /* BreakoutGameARScene.rcproject */,
				CFE7462827D26C0A00069133 /* NavigatorAR.swift */,
				CF805127275CFDB60022EC00 /* NavigatorARScene.rcproject */,
				CFAF6F2927D29F8C00FD1590 /* PortalAR.swift */,
				CFF4340127D5406A009D6FCC /* room_mask.usdz */,
				CFA888A72812B94F00FB5BC6 /* room.usdz */,
				CFF4340627D54C07009D6FCC /* room_logo.usdz */,
			);
			path = AR;
			sourceTree = "<group>";
		};
		CFE7462727D26BD100069133 /* Views */ = {
			isa = PBXGroup;
			children = (
				CF090F1C27479A4100F68DB9 /* AboutView.swift */,
				CF090F1E2747C5EC00F68DB9 /* GameARView.swift */,
				CF805129275CFDF00022EC00 /* NavigatorARView.swift */,
				CFE7462C27D26F5D00069133 /* PortalARView.swift */,
			);
			path = Views;
			sourceTree = "<group>";
		};
		CFE7462A27D26DF300069133 /* Materials */ = {
			isa = PBXGroup;
			children = (
				CFAF6F2F27D2A61800FD1590 /* christmas.jpg */,
				CF2AF00627AF1A8E0028A2C3 /* BreakoutVideoMaterial.mp4 */,
			);
			path = Materials;
			sourceTree = "<group>";
		};
		CFE7462B27D26DFE00069133 /* Anchors */ = {
			isa = PBXGroup;
			children = (
				CFE7463227D272E800069133 /* BreakoutGameARAnchor.jpg */,
			);
			path = Anchors;
			sourceTree = "<group>";
		};
/* End PBXGroup section */

/* Begin PBXNativeTarget section */
		CF83033A274597A6008A1063 /* UpolAR */ = {
			isa = PBXNativeTarget;
			buildConfigurationList = CF830349274597A8008A1063 /* Build configuration list for PBXNativeTarget "UpolAR" */;
			buildPhases = (
				CF830337274597A6008A1063 /* Sources */,
				CF830338274597A6008A1063 /* Frameworks */,
				CF830339274597A6008A1063 /* Resources */,
			);
			buildRules = (
			);
			dependencies = (
			);
			name = UpolAR;
			productName = UpolAR;
			productReference = CF83033B274597A6008A1063 /* UpolAR.app */;
			productType = "com.apple.product-type.application";
		};
/* End PBXNativeTarget section */

/* Begin PBXProject section */
		CF830333274597A6008A1063 /* Project object */ = {
			isa = PBXProject;
			attributes = {
				BuildIndependentTargetsInParallel = 1;
				LastSwiftUpdateCheck = 1310;
				LastUpgradeCheck = 1320;
				TargetAttributes = {
					CF83033A274597A6008A1063 = {
						CreatedOnToolsVersion = 13.1;
					};
				};
			};
			buildConfigurationList = CF830336274597A6008A1063 /* Build configuration list for PBXProject "UpolAR" */;
			compatibilityVersion = "Xcode 13.0";
			developmentRegion = en;
			hasScannedForEncodings = 0;
			knownRegions = (
				en,
				Base,
				cs,
			);
			mainGroup = CF830332274597A6008A1063;
			productRefGroup = CF83033C274597A6008A1063 /* Products */;
			projectDirPath = "";
			projectRoot = "";
			targets = (
				CF83033A274597A6008A1063 /* UpolAR */,
			);
		};
/* End PBXProject section */

/* Begin PBXResourcesBuildPhase section */
		CF830339274597A6008A1063 /* Resources */ = {
			isa = PBXResourcesBuildPhase;
			buildActionMask = 2147483647;
			files = (
				CF830350274597DD008A1063 /* about_department.md in Resources */,
				CFA888A82812B94F00FB5BC6 /* room.usdz in Resources */,
				CFE7463327D272E800069133 /* BreakoutGameARAnchor.jpg in Resources */,
				CF63529C2A2B5BAC00FFB1DB /* upol-arrow.usdz in Resources */,
				CF2AF00727AF1A8E0028A2C3 /* BreakoutVideoMaterial.mp4 in Resources */,
				CF830352274597DD008A1063 /* about_university.md in Resources */,
				CFF4340327D5406A009D6FCC /* room_mask.usdz in Resources */,
				CFAF6F3027D2A61800FD1590 /* christmas.jpg in Resources */,
				CF830351274597DD008A1063 /* about_faculty.md in Resources */,
				CF830346274597A8008A1063 /* Preview Assets.xcassets in Resources */,
				CF830343274597A8008A1063 /* Assets.xcassets in Resources */,
				CFF4340727D54C08009D6FCC /* room_logo.usdz in Resources */,
			);
			runOnlyForDeploymentPostprocessing = 0;
		};
/* End PBXResourcesBuildPhase section */

/* Begin PBXSourcesBuildPhase section */
		CF830337274597A6008A1063 /* Sources */ = {
			isa = PBXSourcesBuildPhase;
			buildActionMask = 2147483647;
			files = (
				CF805128275CFDB60022EC00 /* NavigatorARScene.rcproject in Sources */,
				CFE7462D27D26F5D00069133 /* PortalARView.swift in Sources */,
				CFAF6F2A27D29F8C00FD1590 /* PortalAR.swift in Sources */,
				CFE6222C2A2B972A004C6133 /* ARCompassViewModel.swift in Sources */,
				CF090F1F2747C5EC00F68DB9 /* GameARView.swift in Sources */,
				CFE7462927D26C0A00069133 /* NavigatorAR.swift in Sources */,
				CF707E2C2794A3D300167DB8 /* BreakoutGameAR.swift in Sources */,
				CF090F1D27479A4100F68DB9 /* AboutView.swift in Sources */,
				CF6352922A2B592500FFB1DB /* LocationManager.swift in Sources */,
				CFBACF142795D2A300C2E0FC /* BreakoutGameARScene.rcproject in Sources */,
				CF6352992A2B5A6A00FFB1DB /* ARCompassView.swift in Sources */,
				CF6352942A2B597E00FFB1DB /* ContentView.swift in Sources */,
				CF843A652A2BC76400085922 /* ARViewUIViewRepresentable.swift in Sources */,
				CF80512A275CFDF00022EC00 /* NavigatorARView.swift in Sources */,
				CF83033F274597A6008A1063 /* UpolARApp.swift in Sources */,
			);
			runOnlyForDeploymentPostprocessing = 0;
		};
/* End PBXSourcesBuildPhase section */

/* Begin XCBuildConfiguration section */
		CF830347274597A8008A1063 /* Debug */ = {
			isa = XCBuildConfiguration;
			buildSettings = {
				ALWAYS_SEARCH_USER_PATHS = NO;
				CLANG_ANALYZER_LOCALIZABILITY_NONLOCALIZED = YES;
				CLANG_ANALYZER_NONNULL = YES;
				CLANG_ANALYZER_NUMBER_OBJECT_CONVERSION = YES_AGGRESSIVE;
				CLANG_CXX_LANGUAGE_STANDARD = "gnu++17";
				CLANG_CXX_LIBRARY = "libc++";
				CLANG_ENABLE_MODULES = YES;
				CLANG_ENABLE_OBJC_ARC = YES;
				CLANG_ENABLE_OBJC_WEAK = YES;
				CLANG_WARN_BLOCK_CAPTURE_AUTORELEASING = YES;
				CLANG_WARN_BOOL_CONVERSION = YES;
				CLANG_WARN_COMMA = YES;
				CLANG_WARN_CONSTANT_CONVERSION = YES;
				CLANG_WARN_DEPRECATED_OBJC_IMPLEMENTATIONS = YES;
				CLANG_WARN_DIRECT_OBJC_ISA_USAGE = YES_ERROR;
				CLANG_WARN_DOCUMENTATION_COMMENTS = YES;
				CLANG_WARN_EMPTY_BODY = YES;
				CLANG_WARN_ENUM_CONVERSION = YES;
				CLANG_WARN_INFINITE_RECURSION = YES;
				CLANG_WARN_INT_CONVERSION = YES;
				CLANG_WARN_NON_LITERAL_NULL_CONVERSION = YES;
				CLANG_WARN_OBJC_IMPLICIT_RETAIN_SELF = YES;
				CLANG_WARN_OBJC_LITERAL_CONVERSION = YES;
				CLANG_WARN_OBJC_ROOT_CLASS = YES_ERROR;
				CLANG_WARN_QUOTED_INCLUDE_IN_FRAMEWORK_HEADER = YES;
				CLANG_WARN_RANGE_LOOP_ANALYSIS = YES;
				CLANG_WARN_STRICT_PROTOTYPES = YES;
				CLANG_WARN_SUSPICIOUS_MOVE = YES;
				CLANG_WARN_UNGUARDED_AVAILABILITY = YES_AGGRESSIVE;
				CLANG_WARN_UNREACHABLE_CODE = YES;
				CLANG_WARN__DUPLICATE_METHOD_MATCH = YES;
				COPY_PHASE_STRIP = NO;
				DEBUG_INFORMATION_FORMAT = dwarf;
				ENABLE_STRICT_OBJC_MSGSEND = YES;
				ENABLE_TESTABILITY = YES;
				GCC_C_LANGUAGE_STANDARD = gnu11;
				GCC_DYNAMIC_NO_PIC = NO;
				GCC_NO_COMMON_BLOCKS = YES;
				GCC_OPTIMIZATION_LEVEL = 0;
				GCC_PREPROCESSOR_DEFINITIONS = (
					"DEBUG=1",
					"$(inherited)",
				);
				GCC_WARN_64_TO_32_BIT_CONVERSION = YES;
				GCC_WARN_ABOUT_RETURN_TYPE = YES_ERROR;
				GCC_WARN_UNDECLARED_SELECTOR = YES;
				GCC_WARN_UNINITIALIZED_AUTOS = YES_AGGRESSIVE;
				GCC_WARN_UNUSED_FUNCTION = YES;
				GCC_WARN_UNUSED_VARIABLE = YES;
				IPHONEOS_DEPLOYMENT_TARGET = 15.0;
				MTL_ENABLE_DEBUG_INFO = INCLUDE_SOURCE;
				MTL_FAST_MATH = YES;
				ONLY_ACTIVE_ARCH = YES;
				SDKROOT = iphoneos;
				SWIFT_ACTIVE_COMPILATION_CONDITIONS = DEBUG;
				SWIFT_OPTIMIZATION_LEVEL = "-Onone";
			};
			name = Debug;
		};
		CF830348274597A8008A1063 /* Release */ = {
			isa = XCBuildConfiguration;
			buildSettings = {
				ALWAYS_SEARCH_USER_PATHS = NO;
				CLANG_ANALYZER_LOCALIZABILITY_NONLOCALIZED = YES;
				CLANG_ANALYZER_NONNULL = YES;
				CLANG_ANALYZER_NUMBER_OBJECT_CONVERSION = YES_AGGRESSIVE;
				CLANG_CXX_LANGUAGE_STANDARD = "gnu++17";
				CLANG_CXX_LIBRARY = "libc++";
				CLANG_ENABLE_MODULES = YES;
				CLANG_ENABLE_OBJC_ARC = YES;
				CLANG_ENABLE_OBJC_WEAK = YES;
				CLANG_WARN_BLOCK_CAPTURE_AUTORELEASING = YES;
				CLANG_WARN_BOOL_CONVERSION = YES;
				CLANG_WARN_COMMA = YES;
				CLANG_WARN_CONSTANT_CONVERSION = YES;
				CLANG_WARN_DEPRECATED_OBJC_IMPLEMENTATIONS = YES;
				CLANG_WARN_DIRECT_OBJC_ISA_USAGE = YES_ERROR;
				CLANG_WARN_DOCUMENTATION_COMMENTS = YES;
				CLANG_WARN_EMPTY_BODY = YES;
				CLANG_WARN_ENUM_CONVERSION = YES;
				CLANG_WARN_INFINITE_RECURSION = YES;
				CLANG_WARN_INT_CONVERSION = YES;
				CLANG_WARN_NON_LITERAL_NULL_CONVERSION = YES;
				CLANG_WARN_OBJC_IMPLICIT_RETAIN_SELF = YES;
				CLANG_WARN_OBJC_LITERAL_CONVERSION = YES;
				CLANG_WARN_OBJC_ROOT_CLASS = YES_ERROR;
				CLANG_WARN_QUOTED_INCLUDE_IN_FRAMEWORK_HEADER = YES;
				CLANG_WARN_RANGE_LOOP_ANALYSIS = YES;
				CLANG_WARN_STRICT_PROTOTYPES = YES;
				CLANG_WARN_SUSPICIOUS_MOVE = YES;
				CLANG_WARN_UNGUARDED_AVAILABILITY = YES_AGGRESSIVE;
				CLANG_WARN_UNREACHABLE_CODE = YES;
				CLANG_WARN__DUPLICATE_METHOD_MATCH = YES;
				COPY_PHASE_STRIP = NO;
				DEBUG_INFORMATION_FORMAT = "dwarf-with-dsym";
				ENABLE_NS_ASSERTIONS = NO;
				ENABLE_STRICT_OBJC_MSGSEND = YES;
				GCC_C_LANGUAGE_STANDARD = gnu11;
				GCC_NO_COMMON_BLOCKS = YES;
				GCC_WARN_64_TO_32_BIT_CONVERSION = YES;
				GCC_WARN_ABOUT_RETURN_TYPE = YES_ERROR;
				GCC_WARN_UNDECLARED_SELECTOR = YES;
				GCC_WARN_UNINITIALIZED_AUTOS = YES_AGGRESSIVE;
				GCC_WARN_UNUSED_FUNCTION = YES;
				GCC_WARN_UNUSED_VARIABLE = YES;
				IPHONEOS_DEPLOYMENT_TARGET = 15.0;
				MTL_ENABLE_DEBUG_INFO = NO;
				MTL_FAST_MATH = YES;
				SDKROOT = iphoneos;
				SWIFT_COMPILATION_MODE = wholemodule;
				SWIFT_OPTIMIZATION_LEVEL = "-O";
				VALIDATE_PRODUCT = YES;
			};
			name = Release;
		};
		CF83034A274597A8008A1063 /* Debug */ = {
			isa = XCBuildConfiguration;
			buildSettings = {
				ASSETCATALOG_COMPILER_APPICON_NAME = AppIcon;
				ASSETCATALOG_COMPILER_GLOBAL_ACCENT_COLOR_NAME = AccentColor;
				CODE_SIGN_STYLE = Automatic;
				CURRENT_PROJECT_VERSION = 1;
				DEVELOPMENT_ASSET_PATHS = "\"UpolAR/Preview Content\"";
				DEVELOPMENT_TEAM = BY8G7HDNPV;
				ENABLE_PREVIEWS = YES;
				GENERATE_INFOPLIST_FILE = YES;
				INFOPLIST_KEY_NSCameraUsageDescription = "";
				INFOPLIST_KEY_NSLocationWhenInUseUsageDescription = "Pro správné použití aplikace je potřeba povolit polohové služby.";
				INFOPLIST_KEY_UIApplicationSceneManifest_Generation = YES;
				INFOPLIST_KEY_UIApplicationSupportsIndirectInputEvents = YES;
				INFOPLIST_KEY_UILaunchScreen_Generation = YES;
				INFOPLIST_KEY_UIRequiredDeviceCapabilities = arkit;
				INFOPLIST_KEY_UISupportedInterfaceOrientations_iPad = "UIInterfaceOrientationPortrait UIInterfaceOrientationPortraitUpsideDown UIInterfaceOrientationLandscapeLeft UIInterfaceOrientationLandscapeRight";
				INFOPLIST_KEY_UISupportedInterfaceOrientations_iPhone = UIInterfaceOrientationPortrait;
				IPHONEOS_DEPLOYMENT_TARGET = 16.1;
				LD_RUNPATH_SEARCH_PATHS = (
					"$(inherited)",
					"@executable_path/Frameworks",
				);
				MARKETING_VERSION = 1.0;
				PRODUCT_BUNDLE_IDENTIFIER = cz.djdesign.UpolAR;
				PRODUCT_NAME = "$(TARGET_NAME)";
				SWIFT_EMIT_LOC_STRINGS = YES;
				SWIFT_VERSION = 5.0;
				TARGETED_DEVICE_FAMILY = 1;
			};
			name = Debug;
		};
		CF83034B274597A8008A1063 /* Release */ = {
			isa = XCBuildConfiguration;
			buildSettings = {
				ASSETCATALOG_COMPILER_APPICON_NAME = AppIcon;
				ASSETCATALOG_COMPILER_GLOBAL_ACCENT_COLOR_NAME = AccentColor;
				CODE_SIGN_STYLE = Automatic;
				CURRENT_PROJECT_VERSION = 1;
				DEVELOPMENT_ASSET_PATHS = "\"UpolAR/Preview Content\"";
				DEVELOPMENT_TEAM = BY8G7HDNPV;
				ENABLE_PREVIEWS = YES;
				GENERATE_INFOPLIST_FILE = YES;
				INFOPLIST_KEY_NSCameraUsageDescription = "";
				INFOPLIST_KEY_NSLocationWhenInUseUsageDescription = "Pro správné použití aplikace je potřeba povolit polohové služby.";
				INFOPLIST_KEY_UIApplicationSceneManifest_Generation = YES;
				INFOPLIST_KEY_UIApplicationSupportsIndirectInputEvents = YES;
				INFOPLIST_KEY_UILaunchScreen_Generation = YES;
				INFOPLIST_KEY_UIRequiredDeviceCapabilities = arkit;
				INFOPLIST_KEY_UISupportedInterfaceOrientations_iPad = "UIInterfaceOrientationPortrait UIInterfaceOrientationPortraitUpsideDown UIInterfaceOrientationLandscapeLeft UIInterfaceOrientationLandscapeRight";
				INFOPLIST_KEY_UISupportedInterfaceOrientations_iPhone = UIInterfaceOrientationPortrait;
				IPHONEOS_DEPLOYMENT_TARGET = 16.1;
				LD_RUNPATH_SEARCH_PATHS = (
					"$(inherited)",
					"@executable_path/Frameworks",
				);
				MARKETING_VERSION = 1.0;
				PRODUCT_BUNDLE_IDENTIFIER = cz.djdesign.UpolAR;
				PRODUCT_NAME = "$(TARGET_NAME)";
				SWIFT_EMIT_LOC_STRINGS = YES;
				SWIFT_VERSION = 5.0;
				TARGETED_DEVICE_FAMILY = 1;
			};
			name = Release;
		};
/* End XCBuildConfiguration section */

/* Begin XCConfigurationList section */
		CF830336274597A6008A1063 /* Build configuration list for PBXProject "UpolAR" */ = {
			isa = XCConfigurationList;
			buildConfigurations = (
				CF830347274597A8008A1063 /* Debug */,
				CF830348274597A8008A1063 /* Release */,
			);
			defaultConfigurationIsVisible = 0;
			defaultConfigurationName = Release;
		};
		CF830349274597A8008A1063 /* Build configuration list for PBXNativeTarget "UpolAR" */ = {
			isa = XCConfigurationList;
			buildConfigurations = (
				CF83034A274597A8008A1063 /* Debug */,
				CF83034B274597A8008A1063 /* Release */,
			);
			defaultConfigurationIsVisible = 0;
			defaultConfigurationName = Release;
		};
/* End XCConfigurationList section */
	};
	rootObject = CF830333274597A6008A1063 /* Project object */;
}
